
Microsoft Visual Studio Solution File, Format Version 12.00
# Visual Studio Version 17
VisualStudioVersion = 17.0.32112.339
MinimumVisualStudioVersion = 10.0.40219.1
Project("{FAE04EC0-301F-11D3-BF4B-00C04F79EFBC}") = "EMEHospitalWebApp", "EMEHospitalWebApp\EMEHospitalWebApp.csproj", "{10643836-243A-409E-8E14-5C37BB6C53BF}"
EndProject
Global
	GlobalSection(SolutionConfigurationPlatforms) = preSolution
		Debug|Any CPU = Debug|Any CPU
		Release|Any CPU = Release|Any CPU
	EndGlobalSection
	GlobalSection(ProjectConfigurationPlatforms) = postSolution
		{10643836-243A-409E-8E14-5C37BB6C53BF}.Debug|Any CPU.ActiveCfg = Debug|Any CPU
		{10643836-243A-409E-8E14-5C37BB6C53BF}.Debug|Any CPU.Build.0 = Debug|Any CPU
		{10643836-243A-409E-8E14-5C37BB6C53BF}.Release|Any CPU.ActiveCfg = Release|Any CPU
		{10643836-243A-409E-8E14-5C37BB6C53BF}.Release|Any CPU.Build.0 = Release|Any CPU
	EndGlobalSection
	GlobalSection(SolutionProperties) = preSolution
		HideSolutionNode = FALSE
	EndGlobalSection
	GlobalSection(ExtensibilityGlobals) = postSolution
		SolutionGuid = {D8CE6AFF-7816-4EE4-883E-C30AC0C4A9E2}
	EndGlobalSection
EndGlobal
